
Microsoft Visual Studio Solution File, Format Version 12.00
# Visual Studio Version 16
VisualStudioVersion = 16.0.30114.105
MinimumVisualStudioVersion = 10.0.40219.1
Project("{FAE04EC0-301F-11D3-BF4B-00C04F79EFBC}") = "AvtomobilnoSystezanie", "AvtomobilnoSystezanie.csproj", "{81419596-EB67-42D2-A30E-4CF4A70E4D3B}"
EndProject
Global
	GlobalSection(SolutionConfigurationPlatforms) = preSolution
		Debug|Any CPU = Debug|Any CPU
		Release|Any CPU = Release|Any CPU
	EndGlobalSection
	GlobalSection(ProjectConfigurationPlatforms) = postSolution
		{81419596-EB67-42D2-A30E-4CF4A70E4D3B}.Debug|Any CPU.ActiveCfg = Debug|Any CPU
		{81419596-EB67-42D2-A30E-4CF4A70E4D3B}.Debug|Any CPU.Build.0 = Debug|Any CPU
		{81419596-EB67-42D2-A30E-4CF4A70E4D3B}.Release|Any CPU.ActiveCfg = Release|Any CPU
		{81419596-EB67-42D2-A30E-4CF4A70E4D3B}.Release|Any CPU.Build.0 = Release|Any CPU
	EndGlobalSection
	GlobalSection(SolutionProperties) = preSolution
		HideSolutionNode = FALSE
	EndGlobalSection
	GlobalSection(ExtensibilityGlobals) = postSolution
		SolutionGuid = {5E8E5F9B-4078-4529-A664-1A98523E5965}
	EndGlobalSection
EndGlobal
